// !$*UTF8*$!
{
	archiveVersion = 1;
	classes = {
	};
	objectVersion = 50;
	objects = {

/* Begin PBXFileReference section */
		0082792B218A93F400324097 /* state_diagram.png */ = {isa = PBXFileReference; lastKnownFileType = image.png; path = state_diagram.png; sourceTree = "<group>"; };
		0082792C218A93F400324097 /* Makefile.am */ = {isa = PBXFileReference; lastKnownFileType = text; path = Makefile.am; sourceTree = "<group>"; };
		0082792D218A93F400324097 /* .gitignore */ = {isa = PBXFileReference; lastKnownFileType = text; path = .gitignore; sourceTree = "<group>"; };
		0082792E218A93F400324097 /* Headers */ = {isa = PBXFileReference; lastKnownFileType = folder; path = Headers; sourceTree = "<group>"; };
		0082792F218A93F400324097 /* NaverSpeech */ = {isa = PBXFileReference; lastKnownFileType = "compiled.mach-o.dylib"; path = NaverSpeech; sourceTree = "<group>"; };
		00827930218A93F400324097 /* libnsclient.la */ = {isa = PBXFileReference; lastKnownFileType = text; path = libnsclient.la; sourceTree = "<group>"; };
		00827931218A93F400324097 /* Modules */ = {isa = PBXFileReference; lastKnownFileType = folder; path = Modules; sourceTree = "<group>"; };
		00827932218A93F400324097 /* Makefile.in */ = {isa = PBXFileReference; lastKnownFileType = text; path = Makefile.in; sourceTree = "<group>"; };
		00827933218A93F400324097 /* Info.plist */ = {isa = PBXFileReference; lastKnownFileType = file.bplist; path = Info.plist; sourceTree = "<group>"; };
/* End PBXFileReference section */

/* Begin PBXGroup section */
		00827925218A93F400324097 = {
			isa = PBXGroup;
			children = (
				0082792B218A93F400324097 /* state_diagram.png */,
				0082792C218A93F400324097 /* Makefile.am */,
				0082792D218A93F400324097 /* .gitignore */,
				0082792E218A93F400324097 /* Headers */,
				0082792F218A93F400324097 /* NaverSpeech */,
				00827930218A93F400324097 /* libnsclient.la */,
				00827931218A93F400324097 /* Modules */,
				00827932218A93F400324097 /* Makefile.in */,
				00827933218A93F400324097 /* Info.plist */,
			);
			sourceTree = "<group>";
		};
/* End PBXGroup section */

/* Begin PBXLegacyTarget section */
		0082792A218A93F400324097 /* NaverSpeech.framework */ = {
			isa = PBXLegacyTarget;
			buildArgumentsString = "$(ACTION)";
			buildConfigurationList = 00827934218A93F400324097 /* Build configuration list for PBXLegacyTarget "NaverSpeech.framework" */;
			buildPhases = (
			);
			buildToolPath = /usr/bin/make;
			buildWorkingDirectory = "/Users/ijaeeun/Downloads/naverspeech-sdk-ios-ncp/framework/NaverSpeech.framework";
			dependencies = (
			);
			name = NaverSpeech.framework;
			passBuildSettingsInEnvironment = 1;
			productName = NaverSpeech.framework;
		};
/* End PBXLegacyTarget section */

/* Begin PBXProject section */
		00827926218A93F400324097 /* Project object */ = {
			isa = PBXProject;
			attributes = {
			};
			buildConfigurationList = 00827929218A93F400324097 /* Build configuration list for PBXProject "NaverSpeech.framework" */;
			compatibilityVersion = "Xcode 9.3";
			developmentRegion = en;
			hasScannedForEncodings = 0;
			knownRegions = (
				en,
			);
			mainGroup = 00827925218A93F400324097;
			projectDirPath = "";
			projectRoot = "";
			targets = (
				0082792A218A93F400324097 /* NaverSpeech.framework */,
			);
		};
/* End PBXProject section */

/* Begin XCBuildConfiguration section */
		00827927218A93F400324097 /* Debug */ = {
			isa = XCBuildConfiguration;
			buildSettings = {
				ARCHS = "$(ARCHS_STANDARD_32_BIT)";
				COPY_PHASE_STRIP = NO;
				GCC_WARN_ABOUT_RETURN_TYPE = YES;
				GCC_WARN_UNUSED_VARIABLE = YES;
				ONLY_ACTIVE_ARCH = YES;
				SDKROOT = macosx10.6;
			};
			name = Debug;
		};
		00827928218A93F400324097 /* Release */ = {
			isa = XCBuildConfiguration;
			buildSettings = {
				ARCHS = "$(ARCHS_STANDARD_32_BIT)";
				COPY_PHASE_STRIP = YES;
				GCC_WARN_ABOUT_RETURN_TYPE = YES;
				GCC_WARN_UNUSED_VARIABLE = YES;
				SDKROOT = macosx10.6;
			};
			name = Release;
		};
		00827935218A93F400324097 /* Debug */ = {
			isa = XCBuildConfiguration;
			buildSettings = {
				COPY_PHASE_STRIP = NO;
				DEBUGGING_SYMBOLS = YES;
				GCC_DYNAMIC_NO_PIC = NO;
				GCC_ENABLE_FIX_AND_CONTINUE = YES;
				GCC_GENERATE_DEBUGGING_SYMBOLS = YES;
				GCC_OPTIMIZATION_LEVEL = 0;
				OTHER_CFLAGS = "";
				OTHER_LDFLAGS = "";
				PRODUCT_NAME = NaverSpeech.framework;
			};
			name = Debug;
		};
		00827936218A93F400324097 /* Release */ = {
			isa = XCBuildConfiguration;
			buildSettings = {
				COPY_PHASE_STRIP = YES;
				DEBUG_INFORMATION_FORMAT = "dwarf-with-dsym";
				GCC_ENABLE_FIX_AND_CONTINUE = NO;
				OTHER_CFLAGS = "";
				OTHER_LDFLAGS = "";
				PRODUCT_NAME = NaverSpeech.framework;
			};
			name = Release;
		};
/* End XCBuildConfiguration section */

/* Begin XCConfigurationList section */
		00827929218A93F400324097 /* Build configuration list for PBXProject "NaverSpeech.framework" */ = {
			isa = XCConfigurationList;
			buildConfigurations = (
				00827927218A93F400324097 /* Debug */,
				00827928218A93F400324097 /* Release */,
			);
			defaultConfigurationIsVisible = 0;
			defaultConfigurationName = Release;
		};
		00827934218A93F400324097 /* Build configuration list for PBXLegacyTarget "NaverSpeech.framework" */ = {
			isa = XCConfigurationList;
			buildConfigurations = (
				00827935218A93F400324097 /* Debug */,
				00827936218A93F400324097 /* Release */,
			);
			defaultConfigurationIsVisible = 0;
			defaultConfigurationName = Release;
		};
/* End XCConfigurationList section */
	};
	rootObject = 00827926218A93F400324097 /* Project object */;
}
